
Microsoft Visual Studio Solution File, Format Version 12.00
# Visual Studio Version 17
VisualStudioVersion = 17.10.35027.167
MinimumVisualStudioVersion = 10.0.40219.1
Project("{FAE04EC0-301F-11D3-BF4B-00C04F79EFBC}") = "child_a_c", "child_a_c\child_a_c.csproj", "{E9AAAA5B-2CC6-4C31-B2F7-C40AE2279042}"
EndProject
Global
	GlobalSection(SolutionConfigurationPlatforms) = preSolution
		Debug|Any CPU = Debug|Any CPU
		Release|Any CPU = Release|Any CPU
	EndGlobalSection
	GlobalSection(ProjectConfigurationPlatforms) = postSolution
		{E9AAAA5B-2CC6-4C31-B2F7-C40AE2279042}.Debug|Any CPU.ActiveCfg = Debug|Any CPU
		{E9AAAA5B-2CC6-4C31-B2F7-C40AE2279042}.Debug|Any CPU.Build.0 = Debug|Any CPU
		{E9AAAA5B-2CC6-4C31-B2F7-C40AE2279042}.Release|Any CPU.ActiveCfg = Release|Any CPU
		{E9AAAA5B-2CC6-4C31-B2F7-C40AE2279042}.Release|Any CPU.Build.0 = Release|Any CPU
	EndGlobalSection
	GlobalSection(SolutionProperties) = preSolution
		HideSolutionNode = FALSE
	EndGlobalSection
	GlobalSection(ExtensibilityGlobals) = postSolution
		SolutionGuid = {C8D221E3-187B-49E1-BEC6-7119C816A293}
	EndGlobalSection
EndGlobal
